
Microsoft Visual Studio Solution File, Format Version 12.00
# Visual Studio Version 17
VisualStudioVersion = 17.0.31903.59
MinimumVisualStudioVersion = 10.0.40219.1
Project("{9A19103F-16F7-4668-BE54-9A1E7A4F7556}") = "DataLayer", "DataLayer\DataLayer.csproj", "{8FB0655C-2D5A-4334-88DE-E75F347E72B1}"
EndProject
Project("{9A19103F-16F7-4668-BE54-9A1E7A4F7556}") = "UserFrontend", "UserFrontend\UserFrontend.csproj", "{6442C8FD-AA3F-4288-85B5-4E947C7920CD}"
EndProject
Project("{2150E333-8FDC-42A3-9474-1A3956D46DE8}") = "Frontend", "Frontend", "{A734B075-5DDA-484D-B594-03727493E5C3}"
EndProject
Project("{9A19103F-16F7-4668-BE54-9A1E7A4F7556}") = "TestSuite", "TestSuite\TestSuite.csproj", "{347C2435-8FC2-474F-9D3F-4EA19DBC21E7}"
EndProject
Project("{9A19103F-16F7-4668-BE54-9A1E7A4F7556}") = "AdminFrontend", "AdminFrontend\AdminFrontend.csproj", "{9A3E3066-178D-46A6-B384-A2AD5D01D28D}"
EndProject
Project("{FAE04EC0-301F-11D3-BF4B-00C04F79EFBC}") = "ResturantFrontend", "ResturantFrontend\ResturantFrontend.csproj", "{1562A5DD-6FE9-4D69-8138-3A0DA7766064}"
EndProject
Global
	GlobalSection(SolutionConfigurationPlatforms) = preSolution
		Debug|Any CPU = Debug|Any CPU
		Release|Any CPU = Release|Any CPU
	EndGlobalSection
	GlobalSection(ProjectConfigurationPlatforms) = postSolution
		{8FB0655C-2D5A-4334-88DE-E75F347E72B1}.Debug|Any CPU.ActiveCfg = Debug|Any CPU
		{8FB0655C-2D5A-4334-88DE-E75F347E72B1}.Debug|Any CPU.Build.0 = Debug|Any CPU
		{8FB0655C-2D5A-4334-88DE-E75F347E72B1}.Release|Any CPU.ActiveCfg = Release|Any CPU
		{8FB0655C-2D5A-4334-88DE-E75F347E72B1}.Release|Any CPU.Build.0 = Release|Any CPU
		{6442C8FD-AA3F-4288-85B5-4E947C7920CD}.Debug|Any CPU.ActiveCfg = Debug|Any CPU
		{6442C8FD-AA3F-4288-85B5-4E947C7920CD}.Debug|Any CPU.Build.0 = Debug|Any CPU
		{6442C8FD-AA3F-4288-85B5-4E947C7920CD}.Release|Any CPU.ActiveCfg = Release|Any CPU
		{6442C8FD-AA3F-4288-85B5-4E947C7920CD}.Release|Any CPU.Build.0 = Release|Any CPU
		{347C2435-8FC2-474F-9D3F-4EA19DBC21E7}.Debug|Any CPU.ActiveCfg = Debug|Any CPU
		{347C2435-8FC2-474F-9D3F-4EA19DBC21E7}.Debug|Any CPU.Build.0 = Debug|Any CPU
		{347C2435-8FC2-474F-9D3F-4EA19DBC21E7}.Release|Any CPU.ActiveCfg = Release|Any CPU
		{347C2435-8FC2-474F-9D3F-4EA19DBC21E7}.Release|Any CPU.Build.0 = Release|Any CPU
		{9A3E3066-178D-46A6-B384-A2AD5D01D28D}.Debug|Any CPU.ActiveCfg = Debug|Any CPU
		{9A3E3066-178D-46A6-B384-A2AD5D01D28D}.Debug|Any CPU.Build.0 = Debug|Any CPU
		{9A3E3066-178D-46A6-B384-A2AD5D01D28D}.Release|Any CPU.ActiveCfg = Release|Any CPU
		{9A3E3066-178D-46A6-B384-A2AD5D01D28D}.Release|Any CPU.Build.0 = Release|Any CPU
		{1562A5DD-6FE9-4D69-8138-3A0DA7766064}.Debug|Any CPU.ActiveCfg = Debug|Any CPU
		{1562A5DD-6FE9-4D69-8138-3A0DA7766064}.Debug|Any CPU.Build.0 = Debug|Any CPU
		{1562A5DD-6FE9-4D69-8138-3A0DA7766064}.Release|Any CPU.ActiveCfg = Release|Any CPU
		{1562A5DD-6FE9-4D69-8138-3A0DA7766064}.Release|Any CPU.Build.0 = Release|Any CPU
	EndGlobalSection
	GlobalSection(SolutionProperties) = preSolution
		HideSolutionNode = FALSE
	EndGlobalSection
	GlobalSection(NestedProjects) = preSolution
		{6442C8FD-AA3F-4288-85B5-4E947C7920CD} = {A734B075-5DDA-484D-B594-03727493E5C3}
		{9A3E3066-178D-46A6-B384-A2AD5D01D28D} = {A734B075-5DDA-484D-B594-03727493E5C3}
		{1562A5DD-6FE9-4D69-8138-3A0DA7766064} = {A734B075-5DDA-484D-B594-03727493E5C3}
	EndGlobalSection
	GlobalSection(ExtensibilityGlobals) = postSolution
		SolutionGuid = {EBC8A441-DA2F-47A9-BF3F-ECF132FAA92B}
	EndGlobalSection
EndGlobal
